// !$*UTF8*$!
{
	archiveVersion = 1;
	classes = {
	};
	objectVersion = 46;
	objects = {

/* Begin PBXBuildFile section */
		0581BCFF199917190012A7C9 /* Foundation.framework in Frameworks */ = {isa = PBXBuildFile; fileRef = 0581BCFE199917190012A7C9 /* Foundation.framework */; };
		0581BD01199917190012A7C9 /* CoreGraphics.framework in Frameworks */ = {isa = PBXBuildFile; fileRef = 0581BD00199917190012A7C9 /* CoreGraphics.framework */; };
		0581BD03199917190012A7C9 /* UIKit.framework in Frameworks */ = {isa = PBXBuildFile; fileRef = 0581BD02199917190012A7C9 /* UIKit.framework */; };
		0581BD09199917190012A7C9 /* InfoPlist.strings in Resources */ = {isa = PBXBuildFile; fileRef = 0581BD07199917190012A7C9 /* InfoPlist.strings */; };
		0581BD0B199917190012A7C9 /* main.m in Sources */ = {isa = PBXBuildFile; fileRef = 0581BD0A199917190012A7C9 /* main.m */; };
		0581BD0F199917190012A7C9 /* AppDelegate.m in Sources */ = {isa = PBXBuildFile; fileRef = 0581BD0E199917190012A7C9 /* AppDelegate.m */; };
		0581BD12199917190012A7C9 /* Main.storyboard in Resources */ = {isa = PBXBuildFile; fileRef = 0581BD10199917190012A7C9 /* Main.storyboard */; };
		0581BD15199917190012A7C9 /* ViewController.m in Sources */ = {isa = PBXBuildFile; fileRef = 0581BD14199917190012A7C9 /* ViewController.m */; };
		0581BD17199917190012A7C9 /* Images.xcassets in Resources */ = {isa = PBXBuildFile; fileRef = 0581BD16199917190012A7C9 /* Images.xcassets */; };
		0581BD1E199917190012A7C9 /* XCTest.framework in Frameworks */ = {isa = PBXBuildFile; fileRef = 0581BD1D199917190012A7C9 /* XCTest.framework */; };
		0581BD1F199917190012A7C9 /* Foundation.framework in Frameworks */ = {isa = PBXBuildFile; fileRef = 0581BCFE199917190012A7C9 /* Foundation.framework */; };
		0581BD20199917190012A7C9 /* UIKit.framework in Frameworks */ = {isa = PBXBuildFile; fileRef = 0581BD02199917190012A7C9 /* UIKit.framework */; };
		0581BD28199917190012A7C9 /* InfoPlist.strings in Resources */ = {isa = PBXBuildFile; fileRef = 0581BD26199917190012A7C9 /* InfoPlist.strings */; };
		0581BD2A199917190012A7C9 /* EbayKitDemoTests.m in Sources */ = {isa = PBXBuildFile; fileRef = 0581BD29199917190012A7C9 /* EbayKitDemoTests.m */; };
		0581BD37199918C10012A7C9 /* ProductsViewController.m in Sources */ = {isa = PBXBuildFile; fileRef = 0581BD34199918C10012A7C9 /* ProductsViewController.m */; };
		0581BD38199918C10012A7C9 /* ProductTableViewCell.m in Sources */ = {isa = PBXBuildFile; fileRef = 0581BD36199918C10012A7C9 /* ProductTableViewCell.m */; };
		0581BD51199918CD0012A7C9 /* EbayKit.plist in Resources */ = {isa = PBXBuildFile; fileRef = 0581BD3A199918CD0012A7C9 /* EbayKit.plist */; };
		0581BD52199918CD0012A7C9 /* EbayEngine.m in Sources */ = {isa = PBXBuildFile; fileRef = 0581BD3D199918CD0012A7C9 /* EbayEngine.m */; };
		0581BD53199918CD0012A7C9 /* EbayCategory.m in Sources */ = {isa = PBXBuildFile; fileRef = 0581BD40199918CD0012A7C9 /* EbayCategory.m */; };
		0581BD54199918CD0012A7C9 /* EbayListingInfo.m in Sources */ = {isa = PBXBuildFile; fileRef = 0581BD42199918CD0012A7C9 /* EbayListingInfo.m */; };
		0581BD55199918CD0012A7C9 /* EbayModel.m in Sources */ = {isa = PBXBuildFile; fileRef = 0581BD44199918CD0012A7C9 /* EbayModel.m */; };
		0581BD56199918CD0012A7C9 /* EbayPaginationInput.m in Sources */ = {isa = PBXBuildFile; fileRef = 0581BD46199918CD0012A7C9 /* EbayPaginationInput.m */; };
		0581BD57199918CD0012A7C9 /* EbayPaginationOutput.m in Sources */ = {isa = PBXBuildFile; fileRef = 0581BD48199918CD0012A7C9 /* EbayPaginationOutput.m */; };
		0581BD58199918CD0012A7C9 /* EbayPrice.m in Sources */ = {isa = PBXBuildFile; fileRef = 0581BD4A199918CD0012A7C9 /* EbayPrice.m */; };
		0581BD59199918CD0012A7C9 /* EbayProduct.m in Sources */ = {isa = PBXBuildFile; fileRef = 0581BD4C199918CD0012A7C9 /* EbayProduct.m */; };
		0581BD5A199918CD0012A7C9 /* EbaySellingStatus.m in Sources */ = {isa = PBXBuildFile; fileRef = 0581BD4E199918CD0012A7C9 /* EbaySellingStatus.m */; };
		0581BD5B199918CD0012A7C9 /* EbayShippingInfo.m in Sources */ = {isa = PBXBuildFile; fileRef = 0581BD50199918CD0012A7C9 /* EbayShippingInfo.m */; };
		0581BD90199918D50012A7C9 /* AFHTTPRequestOperation.m in Sources */ = {isa = PBXBuildFile; fileRef = 0581BD5E199918D50012A7C9 /* AFHTTPRequestOperation.m */; };
		0581BD91199918D50012A7C9 /* AFHTTPRequestOperationManager.m in Sources */ = {isa = PBXBuildFile; fileRef = 0581BD60199918D50012A7C9 /* AFHTTPRequestOperationManager.m */; };
		0581BD92199918D50012A7C9 /* AFHTTPSessionManager.m in Sources */ = {isa = PBXBuildFile; fileRef = 0581BD62199918D50012A7C9 /* AFHTTPSessionManager.m */; };
		0581BD93199918D50012A7C9 /* AFNetworkReachabilityManager.m in Sources */ = {isa = PBXBuildFile; fileRef = 0581BD65199918D50012A7C9 /* AFNetworkReachabilityManager.m */; };
		0581BD94199918D50012A7C9 /* AFSecurityPolicy.m in Sources */ = {isa = PBXBuildFile; fileRef = 0581BD67199918D50012A7C9 /* AFSecurityPolicy.m */; };
		0581BD95199918D50012A7C9 /* AFURLConnectionOperation.m in Sources */ = {isa = PBXBuildFile; fileRef = 0581BD69199918D50012A7C9 /* AFURLConnectionOperation.m */; };
		0581BD96199918D50012A7C9 /* AFURLRequestSerialization.m in Sources */ = {isa = PBXBuildFile; fileRef = 0581BD6B199918D50012A7C9 /* AFURLRequestSerialization.m */; };
		0581BD97199918D50012A7C9 /* AFURLResponseSerialization.m in Sources */ = {isa = PBXBuildFile; fileRef = 0581BD6D199918D50012A7C9 /* AFURLResponseSerialization.m */; };
		0581BD98199918D50012A7C9 /* AFURLSessionManager.m in Sources */ = {isa = PBXBuildFile; fileRef = 0581BD6F199918D50012A7C9 /* AFURLSessionManager.m */; };
		0581BD99199918D50012A7C9 /* UIImageView+AFNetworking.m in Sources */ = {isa = PBXBuildFile; fileRef = 0581BD71199918D50012A7C9 /* UIImageView+AFNetworking.m */; };
		0581BD9A199918D50012A7C9 /* MKAnnotationView+WebCache.m in Sources */ = {isa = PBXBuildFile; fileRef = 0581BD74199918D50012A7C9 /* MKAnnotationView+WebCache.m */; };
		0581BD9B199918D50012A7C9 /* NSData+ImageContentType.m in Sources */ = {isa = PBXBuildFile; fileRef = 0581BD76199918D50012A7C9 /* NSData+ImageContentType.m */; };
		0581BD9C199918D50012A7C9 /* SDImageCache.m in Sources */ = {isa = PBXBuildFile; fileRef = 0581BD78199918D50012A7C9 /* SDImageCache.m */; };
		0581BD9D199918D50012A7C9 /* SDWebImageCompat.m in Sources */ = {isa = PBXBuildFile; fileRef = 0581BD7A199918D50012A7C9 /* SDWebImageCompat.m */; };
		0581BD9E199918D50012A7C9 /* SDWebImageDecoder.m in Sources */ = {isa = PBXBuildFile; fileRef = 0581BD7C199918D50012A7C9 /* SDWebImageDecoder.m */; };
		0581BD9F199918D50012A7C9 /* SDWebImageDownloader.m in Sources */ = {isa = PBXBuildFile; fileRef = 0581BD7E199918D50012A7C9 /* SDWebImageDownloader.m */; };
		0581BDA0199918D50012A7C9 /* SDWebImageDownloaderOperation.m in Sources */ = {isa = PBXBuildFile; fileRef = 0581BD80199918D50012A7C9 /* SDWebImageDownloaderOperation.m */; };
		0581BDA1199918D50012A7C9 /* SDWebImageManager.m in Sources */ = {isa = PBXBuildFile; fileRef = 0581BD82199918D50012A7C9 /* SDWebImageManager.m */; };
		0581BDA2199918D50012A7C9 /* SDWebImagePrefetcher.m in Sources */ = {isa = PBXBuildFile; fileRef = 0581BD85199918D50012A7C9 /* SDWebImagePrefetcher.m */; };
		0581BDA3199918D50012A7C9 /* UIButton+WebCache.m in Sources */ = {isa = PBXBuildFile; fileRef = 0581BD87199918D50012A7C9 /* UIButton+WebCache.m */; };
		0581BDA4199918D50012A7C9 /* UIImage+GIF.m in Sources */ = {isa = PBXBuildFile; fileRef = 0581BD89199918D50012A7C9 /* UIImage+GIF.m */; };
		0581BDA5199918D50012A7C9 /* UIImage+MultiFormat.m in Sources */ = {isa = PBXBuildFile; fileRef = 0581BD8B199918D50012A7C9 /* UIImage+MultiFormat.m */; };
		0581BDA6199918D50012A7C9 /* UIImage+WebP.m in Sources */ = {isa = PBXBuildFile; fileRef = 0581BD8D199918D50012A7C9 /* UIImage+WebP.m */; };
		0581BDA7199918D50012A7C9 /* UIImageView+WebCache.m in Sources */ = {isa = PBXBuildFile; fileRef = 0581BD8F199918D50012A7C9 /* UIImageView+WebCache.m */; };
/* End PBXBuildFile section */

/* Begin PBXContainerItemProxy section */
		0581BD21199917190012A7C9 /* PBXContainerItemProxy */ = {
			isa = PBXContainerItemProxy;
			containerPortal = 0581BCF3199917180012A7C9 /* Project object */;
			proxyType = 1;
			remoteGlobalIDString = 0581BCFA199917190012A7C9;
			remoteInfo = EbayKitDemo;
		};
/* End PBXContainerItemProxy section */

/* Begin PBXFileReference section */
		0581BCFB199917190012A7C9 /* EbayKitDemo.app */ = {isa = PBXFileReference; explicitFileType = wrapper.application; includeInIndex = 0; path = EbayKitDemo.app; sourceTree = BUILT_PRODUCTS_DIR; };
		0581BCFE199917190012A7C9 /* Foundation.framework */ = {isa = PBXFileReference; lastKnownFileType = wrapper.framework; name = Foundation.framework; path = System/Library/Frameworks/Foundation.framework; sourceTree = SDKROOT; };
		0581BD00199917190012A7C9 /* CoreGraphics.framework */ = {isa = PBXFileReference; lastKnownFileType = wrapper.framework; name = CoreGraphics.framework; path = System/Library/Frameworks/CoreGraphics.framework; sourceTree = SDKROOT; };
		0581BD02199917190012A7C9 /* UIKit.framework */ = {isa = PBXFileReference; lastKnownFileType = wrapper.framework; name = UIKit.framework; path = System/Library/Frameworks/UIKit.framework; sourceTree = SDKROOT; };
		0581BD06199917190012A7C9 /* EbayKitDemo-Info.plist */ = {isa = PBXFileReference; lastKnownFileType = text.plist.xml; path = "EbayKitDemo-Info.plist"; sourceTree = "<group>"; };
		0581BD08199917190012A7C9 /* en */ = {isa = PBXFileReference; lastKnownFileType = text.plist.strings; name = en; path = en.lproj/InfoPlist.strings; sourceTree = "<group>"; };
		0581BD0A199917190012A7C9 /* main.m */ = {isa = PBXFileReference; lastKnownFileType = sourcecode.c.objc; path = main.m; sourceTree = "<group>"; };
		0581BD0C199917190012A7C9 /* EbayKitDemo-Prefix.pch */ = {isa = PBXFileReference; lastKnownFileType = sourcecode.c.h; path = "EbayKitDemo-Prefix.pch"; sourceTree = "<group>"; };
		0581BD0D199917190012A7C9 /* AppDelegate.h */ = {isa = PBXFileReference; lastKnownFileType = sourcecode.c.h; path = AppDelegate.h; sourceTree = "<group>"; };
		0581BD0E199917190012A7C9 /* AppDelegate.m */ = {isa = PBXFileReference; lastKnownFileType = sourcecode.c.objc; path = AppDelegate.m; sourceTree = "<group>"; };
		0581BD11199917190012A7C9 /* Base */ = {isa = PBXFileReference; lastKnownFileType = file.storyboard; name = Base; path = Base.lproj/Main.storyboard; sourceTree = "<group>"; };
		0581BD13199917190012A7C9 /* ViewController.h */ = {isa = PBXFileReference; lastKnownFileType = sourcecode.c.h; path = ViewController.h; sourceTree = "<group>"; };
		0581BD14199917190012A7C9 /* ViewController.m */ = {isa = PBXFileReference; lastKnownFileType = sourcecode.c.objc; path = ViewController.m; sourceTree = "<group>"; };
		0581BD16199917190012A7C9 /* Images.xcassets */ = {isa = PBXFileReference; lastKnownFileType = folder.assetcatalog; path = Images.xcassets; sourceTree = "<group>"; };
		0581BD1C199917190012A7C9 /* EbayKitDemoTests.xctest */ = {isa = PBXFileReference; explicitFileType = wrapper.cfbundle; includeInIndex = 0; path = EbayKitDemoTests.xctest; sourceTree = BUILT_PRODUCTS_DIR; };
		0581BD1D199917190012A7C9 /* XCTest.framework */ = {isa = PBXFileReference; lastKnownFileType = wrapper.framework; name = XCTest.framework; path = Library/Frameworks/XCTest.framework; sourceTree = DEVELOPER_DIR; };
		0581BD25199917190012A7C9 /* EbayKitDemoTests-Info.plist */ = {isa = PBXFileReference; lastKnownFileType = text.plist.xml; path = "EbayKitDemoTests-Info.plist"; sourceTree = "<group>"; };
		0581BD27199917190012A7C9 /* en */ = {isa = PBXFileReference; lastKnownFileType = text.plist.strings; name = en; path = en.lproj/InfoPlist.strings; sourceTree = "<group>"; };
		0581BD29199917190012A7C9 /* EbayKitDemoTests.m */ = {isa = PBXFileReference; lastKnownFileType = sourcecode.c.objc; path = EbayKitDemoTests.m; sourceTree = "<group>"; };
		0581BD33199918C10012A7C9 /* ProductsViewController.h */ = {isa = PBXFileReference; fileEncoding = 4; lastKnownFileType = sourcecode.c.h; path = ProductsViewController.h; sourceTree = "<group>"; };
		0581BD34199918C10012A7C9 /* ProductsViewController.m */ = {isa = PBXFileReference; fileEncoding = 4; lastKnownFileType = sourcecode.c.objc; path = ProductsViewController.m; sourceTree = "<group>"; };
		0581BD35199918C10012A7C9 /* ProductTableViewCell.h */ = {isa = PBXFileReference; fileEncoding = 4; lastKnownFileType = sourcecode.c.h; path = ProductTableViewCell.h; sourceTree = "<group>"; };
		0581BD36199918C10012A7C9 /* ProductTableViewCell.m */ = {isa = PBXFileReference; fileEncoding = 4; lastKnownFileType = sourcecode.c.objc; path = ProductTableViewCell.m; sourceTree = "<group>"; };
		0581BD3A199918CD0012A7C9 /* EbayKit.plist */ = {isa = PBXFileReference; fileEncoding = 4; lastKnownFileType = text.plist.xml; path = EbayKit.plist; sourceTree = "<group>"; };
		0581BD3C199918CD0012A7C9 /* EbayEngine.h */ = {isa = PBXFileReference; fileEncoding = 4; lastKnownFileType = sourcecode.c.h; path = EbayEngine.h; sourceTree = "<group>"; };
		0581BD3D199918CD0012A7C9 /* EbayEngine.m */ = {isa = PBXFileReference; fileEncoding = 4; lastKnownFileType = sourcecode.c.objc; path = EbayEngine.m; sourceTree = "<group>"; };
		0581BD3F199918CD0012A7C9 /* EbayCategory.h */ = {isa = PBXFileReference; fileEncoding = 4; lastKnownFileType = sourcecode.c.h; path = EbayCategory.h; sourceTree = "<group>"; };
		0581BD40199918CD0012A7C9 /* EbayCategory.m */ = {isa = PBXFileReference; fileEncoding = 4; lastKnownFileType = sourcecode.c.objc; path = EbayCategory.m; sourceTree = "<group>"; };
		0581BD41199918CD0012A7C9 /* EbayListingInfo.h */ = {isa = PBXFileReference; fileEncoding = 4; lastKnownFileType = sourcecode.c.h; path = EbayListingInfo.h; sourceTree = "<group>"; };
		0581BD42199918CD0012A7C9 /* EbayListingInfo.m */ = {isa = PBXFileReference; fileEncoding = 4; lastKnownFileType = sourcecode.c.objc; path = EbayListingInfo.m; sourceTree = "<group>"; };
		0581BD43199918CD0012A7C9 /* EbayModel.h */ = {isa = PBXFileReference; fileEncoding = 4; lastKnownFileType = sourcecode.c.h; path = EbayModel.h; sourceTree = "<group>"; };
		0581BD44199918CD0012A7C9 /* EbayModel.m */ = {isa = PBXFileReference; fileEncoding = 4; lastKnownFileType = sourcecode.c.objc; path = EbayModel.m; sourceTree = "<group>"; };
		0581BD45199918CD0012A7C9 /* EbayPaginationInput.h */ = {isa = PBXFileReference; fileEncoding = 4; lastKnownFileType = sourcecode.c.h; path = EbayPaginationInput.h; sourceTree = "<group>"; };
		0581BD46199918CD0012A7C9 /* EbayPaginationInput.m */ = {isa = PBXFileReference; fileEncoding = 4; lastKnownFileType = sourcecode.c.objc; path = EbayPaginationInput.m; sourceTree = "<group>"; };
		0581BD47199918CD0012A7C9 /* EbayPaginationOutput.h */ = {isa = PBXFileReference; fileEncoding = 4; lastKnownFileType = sourcecode.c.h; path = EbayPaginationOutput.h; sourceTree = "<group>"; };
		0581BD48199918CD0012A7C9 /* EbayPaginationOutput.m */ = {isa = PBXFileReference; fileEncoding = 4; lastKnownFileType = sourcecode.c.objc; path = EbayPaginationOutput.m; sourceTree = "<group>"; };
		0581BD49199918CD0012A7C9 /* EbayPrice.h */ = {isa = PBXFileReference; fileEncoding = 4; lastKnownFileType = sourcecode.c.h; path = EbayPrice.h; sourceTree = "<group>"; };
		0581BD4A199918CD0012A7C9 /* EbayPrice.m */ = {isa = PBXFileReference; fileEncoding = 4; lastKnownFileType = sourcecode.c.objc; path = EbayPrice.m; sourceTree = "<group>"; };
		0581BD4B199918CD0012A7C9 /* EbayProduct.h */ = {isa = PBXFileReference; fileEncoding = 4; lastKnownFileType = sourcecode.c.h; path = EbayProduct.h; sourceTree = "<group>"; };
		0581BD4C199918CD0012A7C9 /* EbayProduct.m */ = {isa = PBXFileReference; fileEncoding = 4; lastKnownFileType = sourcecode.c.objc; path = EbayProduct.m; sourceTree = "<group>"; };
		0581BD4D199918CD0012A7C9 /* EbaySellingStatus.h */ = {isa = PBXFileReference; fileEncoding = 4; lastKnownFileType = sourcecode.c.h; path = EbaySellingStatus.h; sourceTree = "<group>"; };
		0581BD4E199918CD0012A7C9 /* EbaySellingStatus.m */ = {isa = PBXFileReference; fileEncoding = 4; lastKnownFileType = sourcecode.c.objc; path = EbaySellingStatus.m; sourceTree = "<group>"; };
		0581BD4F199918CD0012A7C9 /* EbayShippingInfo.h */ = {isa = PBXFileReference; fileEncoding = 4; lastKnownFileType = sourcecode.c.h; path = EbayShippingInfo.h; sourceTree = "<group>"; };
		0581BD50199918CD0012A7C9 /* EbayShippingInfo.m */ = {isa = PBXFileReference; fileEncoding = 4; lastKnownFileType = sourcecode.c.objc; path = EbayShippingInfo.m; sourceTree = "<group>"; };
		0581BD5D199918D50012A7C9 /* AFHTTPRequestOperation.h */ = {isa = PBXFileReference; fileEncoding = 4; lastKnownFileType = sourcecode.c.h; path = AFHTTPRequestOperation.h; sourceTree = "<group>"; };
		0581BD5E199918D50012A7C9 /* AFHTTPRequestOperation.m */ = {isa = PBXFileReference; fileEncoding = 4; lastKnownFileType = sourcecode.c.objc; path = AFHTTPRequestOperation.m; sourceTree = "<group>"; };
		0581BD5F199918D50012A7C9 /* AFHTTPRequestOperationManager.h */ = {isa = PBXFileReference; fileEncoding = 4; lastKnownFileType = sourcecode.c.h; path = AFHTTPRequestOperationManager.h; sourceTree = "<group>"; };
		0581BD60199918D50012A7C9 /* AFHTTPRequestOperationManager.m */ = {isa = PBXFileReference; fileEncoding = 4; lastKnownFileType = sourcecode.c.objc; path = AFHTTPRequestOperationManager.m; sourceTree = "<group>"; };
		0581BD61199918D50012A7C9 /* AFHTTPSessionManager.h */ = {isa = PBXFileReference; fileEncoding = 4; lastKnownFileType = sourcecode.c.h; path = AFHTTPSessionManager.h; sourceTree = "<group>"; };
		0581BD62199918D50012A7C9 /* AFHTTPSessionManager.m */ = {isa = PBXFileReference; fileEncoding = 4; lastKnownFileType = sourcecode.c.objc; path = AFHTTPSessionManager.m; sourceTree = "<group>"; };
		0581BD63199918D50012A7C9 /* AFNetworking.h */ = {isa = PBXFileReference; fileEncoding = 4; lastKnownFileType = sourcecode.c.h; path = AFNetworking.h; sourceTree = "<group>"; };
		0581BD64199918D50012A7C9 /* AFNetworkReachabilityManager.h */ = {isa = PBXFileReference; fileEncoding = 4; lastKnownFileType = sourcecode.c.h; path = AFNetworkReachabilityManager.h; sourceTree = "<group>"; };
		0581BD65199918D50012A7C9 /* AFNetworkReachabilityManager.m */ = {isa = PBXFileReference; fileEncoding = 4; lastKnownFileType = sourcecode.c.objc; path = AFNetworkReachabilityManager.m; sourceTree = "<group>"; };
		0581BD66199918D50012A7C9 /* AFSecurityPolicy.h */ = {isa = PBXFileReference; fileEncoding = 4; lastKnownFileType = sourcecode.c.h; path = AFSecurityPolicy.h; sourceTree = "<group>"; };
		0581BD67199918D50012A7C9 /* AFSecurityPolicy.m */ = {isa = PBXFileReference; fileEncoding = 4; lastKnownFileType = sourcecode.c.objc; path = AFSecurityPolicy.m; sourceTree = "<group>"; };
		0581BD68199918D50012A7C9 /* AFURLConnectionOperation.h */ = {isa = PBXFileReference; fileEncoding = 4; lastKnownFileType = sourcecode.c.h; path = AFURLConnectionOperation.h; sourceTree = "<group>"; };
		0581BD69199918D50012A7C9 /* AFURLConnectionOperation.m */ = {isa = PBXFileReference; fileEncoding = 4; lastKnownFileType = sourcecode.c.objc; path = AFURLConnectionOperation.m; sourceTree = "<group>"; };
		0581BD6A199918D50012A7C9 /* AFURLRequestSerialization.h */ = {isa = PBXFileReference; fileEncoding = 4; lastKnownFileType = sourcecode.c.h; path = AFURLRequestSerialization.h; sourceTree = "<group>"; };
		0581BD6B199918D50012A7C9 /* AFURLRequestSerialization.m */ = {isa = PBXFileReference; fileEncoding = 4; lastKnownFileType = sourcecode.c.objc; path = AFURLRequestSerialization.m; sourceTree = "<group>"; };
		0581BD6C199918D50012A7C9 /* AFURLResponseSerialization.h */ = {isa = PBXFileReference; fileEncoding = 4; lastKnownFileType = sourcecode.c.h; path = AFURLResponseSerialization.h; sourceTree = "<group>"; };
		0581BD6D199918D50012A7C9 /* AFURLResponseSerialization.m */ = {isa = PBXFileReference; fileEncoding = 4; lastKnownFileType = sourcecode.c.objc; path = AFURLResponseSerialization.m; sourceTree = "<group>"; };
		0581BD6E199918D50012A7C9 /* AFURLSessionManager.h */ = {isa = PBXFileReference; fileEncoding = 4; lastKnownFileType = sourcecode.c.h; path = AFURLSessionManager.h; sourceTree = "<group>"; };
		0581BD6F199918D50012A7C9 /* AFURLSessionManager.m */ = {isa = PBXFileReference; fileEncoding = 4; lastKnownFileType = sourcecode.c.objc; path = AFURLSessionManager.m; sourceTree = "<group>"; };
		0581BD70199918D50012A7C9 /* UIImageView+AFNetworking.h */ = {isa = PBXFileReference; fileEncoding = 4; lastKnownFileType = sourcecode.c.h; path = "UIImageView+AFNetworking.h"; sourceTree = "<group>"; };
		0581BD71199918D50012A7C9 /* UIImageView+AFNetworking.m */ = {isa = PBXFileReference; fileEncoding = 4; lastKnownFileType = sourcecode.c.objc; path = "UIImageView+AFNetworking.m"; sourceTree = "<group>"; };
		0581BD73199918D50012A7C9 /* MKAnnotationView+WebCache.h */ = {isa = PBXFileReference; fileEncoding = 4; lastKnownFileType = sourcecode.c.h; path = "MKAnnotationView+WebCache.h"; sourceTree = "<group>"; };
		0581BD74199918D50012A7C9 /* MKAnnotationView+WebCache.m */ = {isa = PBXFileReference; fileEncoding = 4; lastKnownFileType = sourcecode.c.objc; path = "MKAnnotationView+WebCache.m"; sourceTree = "<group>"; };
		0581BD75199918D50012A7C9 /* NSData+ImageContentType.h */ = {isa = PBXFileReference; fileEncoding = 4; lastKnownFileType = sourcecode.c.h; path = "NSData+ImageContentType.h"; sourceTree = "<group>"; };
		0581BD76199918D50012A7C9 /* NSData+ImageContentType.m */ = {isa = PBXFileReference; fileEncoding = 4; lastKnownFileType = sourcecode.c.objc; path = "NSData+ImageContentType.m"; sourceTree = "<group>"; };
		0581BD77199918D50012A7C9 /* SDImageCache.h */ = {isa = PBXFileReference; fileEncoding = 4; lastKnownFileType = sourcecode.c.h; path = SDImageCache.h; sourceTree = "<group>"; };
		0581BD78199918D50012A7C9 /* SDImageCache.m */ = {isa = PBXFileReference; fileEncoding = 4; lastKnownFileType = sourcecode.c.objc; path = SDImageCache.m; sourceTree = "<group>"; };
		0581BD79199918D50012A7C9 /* SDWebImageCompat.h */ = {isa = PBXFileReference; fileEncoding = 4; lastKnownFileType = sourcecode.c.h; path = SDWebImageCompat.h; sourceTree = "<group>"; };
		0581BD7A199918D50012A7C9 /* SDWebImageCompat.m */ = {isa = PBXFileReference; fileEncoding = 4; lastKnownFileType = sourcecode.c.objc; path = SDWebImageCompat.m; sourceTree = "<group>"; };
		0581BD7B199918D50012A7C9 /* SDWebImageDecoder.h */ = {isa = PBXFileReference; fileEncoding = 4; lastKnownFileType = sourcecode.c.h; path = SDWebImageDecoder.h; sourceTree = "<group>"; };
		0581BD7C199918D50012A7C9 /* SDWebImageDecoder.m */ = {isa = PBXFileReference; fileEncoding = 4; lastKnownFileType = sourcecode.c.objc; path = SDWebImageDecoder.m; sourceTree = "<group>"; };
		0581BD7D199918D50012A7C9 /* SDWebImageDownloader.h */ = {isa = PBXFileReference; fileEncoding = 4; lastKnownFileType = sourcecode.c.h; path = SDWebImageDownloader.h; sourceTree = "<group>"; };
		0581BD7E199918D50012A7C9 /* SDWebImageDownloader.m */ = {isa = PBXFileReference; fileEncoding = 4; lastKnownFileType = sourcecode.c.objc; path = SDWebImageDownloader.m; sourceTree = "<group>"; };
		0581BD7F199918D50012A7C9 /* SDWebImageDownloaderOperation.h */ = {isa = PBXFileReference; fileEncoding = 4; lastKnownFileType = sourcecode.c.h; path = SDWebImageDownloaderOperation.h; sourceTree = "<group>"; };
		0581BD80199918D50012A7C9 /* SDWebImageDownloaderOperation.m */ = {isa = PBXFileReference; fileEncoding = 4; lastKnownFileType = sourcecode.c.objc; path = SDWebImageDownloaderOperation.m; sourceTree = "<group>"; };
		0581BD81199918D50012A7C9 /* SDWebImageManager.h */ = {isa = PBXFileReference; fileEncoding = 4; lastKnownFileType = sourcecode.c.h; path = SDWebImageManager.h; sourceTree = "<group>"; };
		0581BD82199918D50012A7C9 /* SDWebImageManager.m */ = {isa = PBXFileReference; fileEncoding = 4; lastKnownFileType = sourcecode.c.objc; path = SDWebImageManager.m; sourceTree = "<group>"; };
		0581BD83199918D50012A7C9 /* SDWebImageOperation.h */ = {isa = PBXFileReference; fileEncoding = 4; lastKnownFileType = sourcecode.c.h; path = SDWebImageOperation.h; sourceTree = "<group>"; };
		0581BD84199918D50012A7C9 /* SDWebImagePrefetcher.h */ = {isa = PBXFileReference; fileEncoding = 4; lastKnownFileType = sourcecode.c.h; path = SDWebImagePrefetcher.h; sourceTree = "<group>"; };
		0581BD85199918D50012A7C9 /* SDWebImagePrefetcher.m */ = {isa = PBXFileReference; fileEncoding = 4; lastKnownFileType = sourcecode.c.objc; path = SDWebImagePrefetcher.m; sourceTree = "<group>"; };
		0581BD86199918D50012A7C9 /* UIButton+WebCache.h */ = {isa = PBXFileReference; fileEncoding = 4; lastKnownFileType = sourcecode.c.h; path = "UIButton+WebCache.h"; sourceTree = "<group>"; };
		0581BD87199918D50012A7C9 /* UIButton+WebCache.m */ = {isa = PBXFileReference; fileEncoding = 4; lastKnownFileType = sourcecode.c.objc; path = "UIButton+WebCache.m"; sourceTree = "<group>"; };
		0581BD88199918D50012A7C9 /* UIImage+GIF.h */ = {isa = PBXFileReference; fileEncoding = 4; lastKnownFileType = sourcecode.c.h; path = "UIImage+GIF.h"; sourceTree = "<group>"; };
		0581BD89199918D50012A7C9 /* UIImage+GIF.m */ = {isa = PBXFileReference; fileEncoding = 4; lastKnownFileType = sourcecode.c.objc; path = "UIImage+GIF.m"; sourceTree = "<group>"; };
		0581BD8A199918D50012A7C9 /* UIImage+MultiFormat.h */ = {isa = PBXFileReference; fileEncoding = 4; lastKnownFileType = sourcecode.c.h; path = "UIImage+MultiFormat.h"; sourceTree = "<group>"; };
		0581BD8B199918D50012A7C9 /* UIImage+MultiFormat.m */ = {isa = PBXFileReference; fileEncoding = 4; lastKnownFileType = sourcecode.c.objc; path = "UIImage+MultiFormat.m"; sourceTree = "<group>"; };
		0581BD8C199918D50012A7C9 /* UIImage+WebP.h */ = {isa = PBXFileReference; fileEncoding = 4; lastKnownFileType = sourcecode.c.h; path = "UIImage+WebP.h"; sourceTree = "<group>"; };
		0581BD8D199918D50012A7C9 /* UIImage+WebP.m */ = {isa = PBXFileReference; fileEncoding = 4; lastKnownFileType = sourcecode.c.objc; path = "UIImage+WebP.m"; sourceTree = "<group>"; };
		0581BD8E199918D50012A7C9 /* UIImageView+WebCache.h */ = {isa = PBXFileReference; fileEncoding = 4; lastKnownFileType = sourcecode.c.h; path = "UIImageView+WebCache.h"; sourceTree = "<group>"; };
		0581BD8F199918D50012A7C9 /* UIImageView+WebCache.m */ = {isa = PBXFileReference; fileEncoding = 4; lastKnownFileType = sourcecode.c.objc; path = "UIImageView+WebCache.m"; sourceTree = "<group>"; };
/* End PBXFileReference section */

/* Begin PBXFrameworksBuildPhase section */
		0581BCF8199917190012A7C9 /* Frameworks */ = {
			isa = PBXFrameworksBuildPhase;
			buildActionMask = 2147483647;
			files = (
				0581BD01199917190012A7C9 /* CoreGraphics.framework in Frameworks */,
				0581BD03199917190012A7C9 /* UIKit.framework in Frameworks */,
				0581BCFF199917190012A7C9 /* Foundation.framework in Frameworks */,
			);
			runOnlyForDeploymentPostprocessing = 0;
		};
		0581BD19199917190012A7C9 /* Frameworks */ = {
			isa = PBXFrameworksBuildPhase;
			buildActionMask = 2147483647;
			files = (
				0581BD1E199917190012A7C9 /* XCTest.framework in Frameworks */,
				0581BD20199917190012A7C9 /* UIKit.framework in Frameworks */,
				0581BD1F199917190012A7C9 /* Foundation.framework in Frameworks */,
			);
			runOnlyForDeploymentPostprocessing = 0;
		};
/* End PBXFrameworksBuildPhase section */

/* Begin PBXGroup section */
		0581BCF2199917180012A7C9 = {
			isa = PBXGroup;
			children = (
				0581BD5C199918D50012A7C9 /* AFNetworking */,
				0581BD72199918D50012A7C9 /* SDWebImage */,
				0581BD39199918CD0012A7C9 /* EbayKit */,
				0581BD04199917190012A7C9 /* EbayKitDemo */,
				0581BD23199917190012A7C9 /* EbayKitDemoTests */,
				0581BCFD199917190012A7C9 /* Frameworks */,
				0581BCFC199917190012A7C9 /* Products */,
			);
			sourceTree = "<group>";
		};
		0581BCFC199917190012A7C9 /* Products */ = {
			isa = PBXGroup;
			children = (
				0581BCFB199917190012A7C9 /* EbayKitDemo.app */,
				0581BD1C199917190012A7C9 /* EbayKitDemoTests.xctest */,
			);
			name = Products;
			sourceTree = "<group>";
		};
		0581BCFD199917190012A7C9 /* Frameworks */ = {
			isa = PBXGroup;
			children = (
				0581BCFE199917190012A7C9 /* Foundation.framework */,
				0581BD00199917190012A7C9 /* CoreGraphics.framework */,
				0581BD02199917190012A7C9 /* UIKit.framework */,
				0581BD1D199917190012A7C9 /* XCTest.framework */,
			);
			name = Frameworks;
			sourceTree = "<group>";
		};
		0581BD04199917190012A7C9 /* EbayKitDemo */ = {
			isa = PBXGroup;
			children = (
				0581BD33199918C10012A7C9 /* ProductsViewController.h */,
				0581BD34199918C10012A7C9 /* ProductsViewController.m */,
				0581BD35199918C10012A7C9 /* ProductTableViewCell.h */,
				0581BD36199918C10012A7C9 /* ProductTableViewCell.m */,
				0581BD0D199917190012A7C9 /* AppDelegate.h */,
				0581BD0E199917190012A7C9 /* AppDelegate.m */,
				0581BD10199917190012A7C9 /* Main.storyboard */,
				0581BD13199917190012A7C9 /* ViewController.h */,
				0581BD14199917190012A7C9 /* ViewController.m */,
				0581BD16199917190012A7C9 /* Images.xcassets */,
				0581BD05199917190012A7C9 /* Supporting Files */,
			);
			path = EbayKitDemo;
			sourceTree = "<group>";
		};
		0581BD05199917190012A7C9 /* Supporting Files */ = {
			isa = PBXGroup;
			children = (
				0581BD06199917190012A7C9 /* EbayKitDemo-Info.plist */,
				0581BD07199917190012A7C9 /* InfoPlist.strings */,
				0581BD0A199917190012A7C9 /* main.m */,
				0581BD0C199917190012A7C9 /* EbayKitDemo-Prefix.pch */,
			);
			name = "Supporting Files";
			sourceTree = "<group>";
		};
		0581BD23199917190012A7C9 /* EbayKitDemoTests */ = {
			isa = PBXGroup;
			children = (
				0581BD29199917190012A7C9 /* EbayKitDemoTests.m */,
				0581BD24199917190012A7C9 /* Supporting Files */,
			);
			path = EbayKitDemoTests;
			sourceTree = "<group>";
		};
		0581BD24199917190012A7C9 /* Supporting Files */ = {
			isa = PBXGroup;
			children = (
				0581BD25199917190012A7C9 /* EbayKitDemoTests-Info.plist */,
				0581BD26199917190012A7C9 /* InfoPlist.strings */,
			);
			name = "Supporting Files";
			sourceTree = "<group>";
		};
		0581BD39199918CD0012A7C9 /* EbayKit */ = {
			isa = PBXGroup;
			children = (
				0581BD3A199918CD0012A7C9 /* EbayKit.plist */,
				0581BD3B199918CD0012A7C9 /* Engine */,
				0581BD3E199918CD0012A7C9 /* Models */,
			);
			name = EbayKit;
			path = ../EbayKit;
			sourceTree = "<group>";
		};
		0581BD3B199918CD0012A7C9 /* Engine */ = {
			isa = PBXGroup;
			children = (
				0581BD3C199918CD0012A7C9 /* EbayEngine.h */,
				0581BD3D199918CD0012A7C9 /* EbayEngine.m */,
			);
			path = Engine;
			sourceTree = "<group>";
		};
		0581BD3E199918CD0012A7C9 /* Models */ = {
			isa = PBXGroup;
			children = (
				0581BD3F199918CD0012A7C9 /* EbayCategory.h */,
				0581BD40199918CD0012A7C9 /* EbayCategory.m */,
				0581BD41199918CD0012A7C9 /* EbayListingInfo.h */,
				0581BD42199918CD0012A7C9 /* EbayListingInfo.m */,
				0581BD43199918CD0012A7C9 /* EbayModel.h */,
				0581BD44199918CD0012A7C9 /* EbayModel.m */,
				0581BD45199918CD0012A7C9 /* EbayPaginationInput.h */,
				0581BD46199918CD0012A7C9 /* EbayPaginationInput.m */,
				0581BD47199918CD0012A7C9 /* EbayPaginationOutput.h */,
				0581BD48199918CD0012A7C9 /* EbayPaginationOutput.m */,
				0581BD49199918CD0012A7C9 /* EbayPrice.h */,
				0581BD4A199918CD0012A7C9 /* EbayPrice.m */,
				0581BD4B199918CD0012A7C9 /* EbayProduct.h */,
				0581BD4C199918CD0012A7C9 /* EbayProduct.m */,
				0581BD4D199918CD0012A7C9 /* EbaySellingStatus.h */,
				0581BD4E199918CD0012A7C9 /* EbaySellingStatus.m */,
				0581BD4F199918CD0012A7C9 /* EbayShippingInfo.h */,
				0581BD50199918CD0012A7C9 /* EbayShippingInfo.m */,
			);
			path = Models;
			sourceTree = "<group>";
		};
		0581BD5C199918D50012A7C9 /* AFNetworking */ = {
			isa = PBXGroup;
			children = (
				0581BD5D199918D50012A7C9 /* AFHTTPRequestOperation.h */,
				0581BD5E199918D50012A7C9 /* AFHTTPRequestOperation.m */,
				0581BD5F199918D50012A7C9 /* AFHTTPRequestOperationManager.h */,
				0581BD60199918D50012A7C9 /* AFHTTPRequestOperationManager.m */,
				0581BD61199918D50012A7C9 /* AFHTTPSessionManager.h */,
				0581BD62199918D50012A7C9 /* AFHTTPSessionManager.m */,
				0581BD63199918D50012A7C9 /* AFNetworking.h */,
				0581BD64199918D50012A7C9 /* AFNetworkReachabilityManager.h */,
				0581BD65199918D50012A7C9 /* AFNetworkReachabilityManager.m */,
				0581BD66199918D50012A7C9 /* AFSecurityPolicy.h */,
				0581BD67199918D50012A7C9 /* AFSecurityPolicy.m */,
				0581BD68199918D50012A7C9 /* AFURLConnectionOperation.h */,
				0581BD69199918D50012A7C9 /* AFURLConnectionOperation.m */,
				0581BD6A199918D50012A7C9 /* AFURLRequestSerialization.h */,
				0581BD6B199918D50012A7C9 /* AFURLRequestSerialization.m */,
				0581BD6C199918D50012A7C9 /* AFURLResponseSerialization.h */,
				0581BD6D199918D50012A7C9 /* AFURLResponseSerialization.m */,
				0581BD6E199918D50012A7C9 /* AFURLSessionManager.h */,
				0581BD6F199918D50012A7C9 /* AFURLSessionManager.m */,
				0581BD70199918D50012A7C9 /* UIImageView+AFNetworking.h */,
				0581BD71199918D50012A7C9 /* UIImageView+AFNetworking.m */,
			);
			path = AFNetworking;
			sourceTree = "<group>";
		};
		0581BD72199918D50012A7C9 /* SDWebImage */ = {
			isa = PBXGroup;
			children = (
				0581BD73199918D50012A7C9 /* MKAnnotationView+WebCache.h */,
				0581BD74199918D50012A7C9 /* MKAnnotationView+WebCache.m */,
				0581BD75199918D50012A7C9 /* NSData+ImageContentType.h */,
				0581BD76199918D50012A7C9 /* NSData+ImageContentType.m */,
				0581BD77199918D50012A7C9 /* SDImageCache.h */,
				0581BD78199918D50012A7C9 /* SDImageCache.m */,
				0581BD79199918D50012A7C9 /* SDWebImageCompat.h */,
				0581BD7A199918D50012A7C9 /* SDWebImageCompat.m */,
				0581BD7B199918D50012A7C9 /* SDWebImageDecoder.h */,
				0581BD7C199918D50012A7C9 /* SDWebImageDecoder.m */,
				0581BD7D199918D50012A7C9 /* SDWebImageDownloader.h */,
				0581BD7E199918D50012A7C9 /* SDWebImageDownloader.m */,
				0581BD7F199918D50012A7C9 /* SDWebImageDownloaderOperation.h */,
				0581BD80199918D50012A7C9 /* SDWebImageDownloaderOperation.m */,
				0581BD81199918D50012A7C9 /* SDWebImageManager.h */,
				0581BD82199918D50012A7C9 /* SDWebImageManager.m */,
				0581BD83199918D50012A7C9 /* SDWebImageOperation.h */,
				0581BD84199918D50012A7C9 /* SDWebImagePrefetcher.h */,
				0581BD85199918D50012A7C9 /* SDWebImagePrefetcher.m */,
				0581BD86199918D50012A7C9 /* UIButton+WebCache.h */,
				0581BD87199918D50012A7C9 /* UIButton+WebCache.m */,
				0581BD88199918D50012A7C9 /* UIImage+GIF.h */,
				0581BD89199918D50012A7C9 /* UIImage+GIF.m */,
				0581BD8A199918D50012A7C9 /* UIImage+MultiFormat.h */,
				0581BD8B199918D50012A7C9 /* UIImage+MultiFormat.m */,
				0581BD8C199918D50012A7C9 /* UIImage+WebP.h */,
				0581BD8D199918D50012A7C9 /* UIImage+WebP.m */,
				0581BD8E199918D50012A7C9 /* UIImageView+WebCache.h */,
				0581BD8F199918D50012A7C9 /* UIImageView+WebCache.m */,
			);
			path = SDWebImage;
			sourceTree = "<group>";
		};
/* End PBXGroup section */

/* Begin PBXNativeTarget section */
		0581BCFA199917190012A7C9 /* EbayKitDemo */ = {
			isa = PBXNativeTarget;
			buildConfigurationList = 0581BD2D199917190012A7C9 /* Build configuration list for PBXNativeTarget "EbayKitDemo" */;
			buildPhases = (
				0581BCF7199917190012A7C9 /* Sources */,
				0581BCF8199917190012A7C9 /* Frameworks */,
				0581BCF9199917190012A7C9 /* Resources */,
			);
			buildRules = (
			);
			dependencies = (
			);
			name = EbayKitDemo;
			productName = EbayKitDemo;
			productReference = 0581BCFB199917190012A7C9 /* EbayKitDemo.app */;
			productType = "com.apple.product-type.application";
		};
		0581BD1B199917190012A7C9 /* EbayKitDemoTests */ = {
			isa = PBXNativeTarget;
			buildConfigurationList = 0581BD30199917190012A7C9 /* Build configuration list for PBXNativeTarget "EbayKitDemoTests" */;
			buildPhases = (
				0581BD18199917190012A7C9 /* Sources */,
				0581BD19199917190012A7C9 /* Frameworks */,
				0581BD1A199917190012A7C9 /* Resources */,
			);
			buildRules = (
			);
			dependencies = (
				0581BD22199917190012A7C9 /* PBXTargetDependency */,
			);
			name = EbayKitDemoTests;
			productName = EbayKitDemoTests;
			productReference = 0581BD1C199917190012A7C9 /* EbayKitDemoTests.xctest */;
			productType = "com.apple.product-type.bundle.unit-test";
		};
/* End PBXNativeTarget section */

/* Begin PBXProject section */
		0581BCF3199917180012A7C9 /* Project object */ = {
			isa = PBXProject;
			attributes = {
				LastUpgradeCheck = 0510;
				ORGANIZATIONNAME = "Oded Klein";
				TargetAttributes = {
					0581BD1B199917190012A7C9 = {
						TestTargetID = 0581BCFA199917190012A7C9;
					};
				};
			};
			buildConfigurationList = 0581BCF6199917180012A7C9 /* Build configuration list for PBXProject "EbayKitDemo" */;
			compatibilityVersion = "Xcode 3.2";
			developmentRegion = English;
			hasScannedForEncodings = 0;
			knownRegions = (
				en,
				Base,
			);
			mainGroup = 0581BCF2199917180012A7C9;
			productRefGroup = 0581BCFC199917190012A7C9 /* Products */;
			projectDirPath = "";
			projectRoot = "";
			targets = (
				0581BCFA199917190012A7C9 /* EbayKitDemo */,
				0581BD1B199917190012A7C9 /* EbayKitDemoTests */,
			);
		};
/* End PBXProject section */

/* Begin PBXResourcesBuildPhase section */
		0581BCF9199917190012A7C9 /* Resources */ = {
			isa = PBXResourcesBuildPhase;
			buildActionMask = 2147483647;
			files = (
				0581BD51199918CD0012A7C9 /* EbayKit.plist in Resources */,
				0581BD17199917190012A7C9 /* Images.xcassets in Resources */,
				0581BD09199917190012A7C9 /* InfoPlist.strings in Resources */,
				0581BD12199917190012A7C9 /* Main.storyboard in Resources */,
			);
			runOnlyForDeploymentPostprocessing = 0;
		};
		0581BD1A199917190012A7C9 /* Resources */ = {
			isa = PBXResourcesBuildPhase;
			buildActionMask = 2147483647;
			files = (
				0581BD28199917190012A7C9 /* InfoPlist.strings in Resources */,
			);
			runOnlyForDeploymentPostprocessing = 0;
		};
/* End PBXResourcesBuildPhase section */

/* Begin PBXSourcesBuildPhase section */
		0581BCF7199917190012A7C9 /* Sources */ = {
			isa = PBXSourcesBuildPhase;
			buildActionMask = 2147483647;
			files = (
				0581BD53199918CD0012A7C9 /* EbayCategory.m in Sources */,
				0581BD56199918CD0012A7C9 /* EbayPaginationInput.m in Sources */,
				0581BD52199918CD0012A7C9 /* EbayEngine.m in Sources */,
				0581BD92199918D50012A7C9 /* AFHTTPSessionManager.m in Sources */,
				0581BD9B199918D50012A7C9 /* NSData+ImageContentType.m in Sources */,
				0581BD15199917190012A7C9 /* ViewController.m in Sources */,
				0581BD93199918D50012A7C9 /* AFNetworkReachabilityManager.m in Sources */,
				0581BDA3199918D50012A7C9 /* UIButton+WebCache.m in Sources */,
				0581BDA2199918D50012A7C9 /* SDWebImagePrefetcher.m in Sources */,
				0581BD90199918D50012A7C9 /* AFHTTPRequestOperation.m in Sources */,
				0581BD96199918D50012A7C9 /* AFURLRequestSerialization.m in Sources */,
				0581BD95199918D50012A7C9 /* AFURLConnectionOperation.m in Sources */,
				0581BD98199918D50012A7C9 /* AFURLSessionManager.m in Sources */,
				0581BD55199918CD0012A7C9 /* EbayModel.m in Sources */,
				0581BDA7199918D50012A7C9 /* UIImageView+WebCache.m in Sources */,
				0581BDA1199918D50012A7C9 /* SDWebImageManager.m in Sources */,
				0581BD99199918D50012A7C9 /* UIImageView+AFNetworking.m in Sources */,
				0581BD5B199918CD0012A7C9 /* EbayShippingInfo.m in Sources */,
				0581BD54199918CD0012A7C9 /* EbayListingInfo.m in Sources */,
				0581BDA4199918D50012A7C9 /* UIImage+GIF.m in Sources */,
				0581BD58199918CD0012A7C9 /* EbayPrice.m in Sources */,
				0581BD5A199918CD0012A7C9 /* EbaySellingStatus.m in Sources */,
				0581BD0F199917190012A7C9 /* AppDelegate.m in Sources */,
				0581BDA5199918D50012A7C9 /* UIImage+MultiFormat.m in Sources */,
				0581BDA0199918D50012A7C9 /* SDWebImageDownloaderOperation.m in Sources */,
				0581BD37199918C10012A7C9 /* ProductsViewController.m in Sources */,
				0581BD0B199917190012A7C9 /* main.m in Sources */,
				0581BD57199918CD0012A7C9 /* EbayPaginationOutput.m in Sources */,
				0581BD94199918D50012A7C9 /* AFSecurityPolicy.m in Sources */,
				0581BD9E199918D50012A7C9 /* SDWebImageDecoder.m in Sources */,
				0581BDA6199918D50012A7C9 /* UIImage+WebP.m in Sources */,
				0581BD9D199918D50012A7C9 /* SDWebImageCompat.m in Sources */,
				0581BD59199918CD0012A7C9 /* EbayProduct.m in Sources */,
				0581BD91199918D50012A7C9 /* AFHTTPRequestOperationManager.m in Sources */,
				0581BD9F199918D50012A7C9 /* SDWebImageDownloader.m in Sources */,
				0581BD9A199918D50012A7C9 /* MKAnnotationView+WebCache.m in Sources */,
				0581BD38199918C10012A7C9 /* ProductTableViewCell.m in Sources */,
				0581BD97199918D50012A7C9 /* AFURLResponseSerialization.m in Sources */,
				0581BD9C199918D50012A7C9 /* SDImageCache.m in Sources */,
			);
			runOnlyForDeploymentPostprocessing = 0;
		};
		0581BD18199917190012A7C9 /* Sources */ = {
			isa = PBXSourcesBuildPhase;
			buildActionMask = 2147483647;
			files = (
				0581BD2A199917190012A7C9 /* EbayKitDemoTests.m in Sources */,
			);
			runOnlyForDeploymentPostprocessing = 0;
		};
/* End PBXSourcesBuildPhase section */

/* Begin PBXTargetDependency section */
		0581BD22199917190012A7C9 /* PBXTargetDependency */ = {
			isa = PBXTargetDependency;
			target = 0581BCFA199917190012A7C9 /* EbayKitDemo */;
			targetProxy = 0581BD21199917190012A7C9 /* PBXContainerItemProxy */;
		};
/* End PBXTargetDependency section */

/* Begin PBXVariantGroup section */
		0581BD07199917190012A7C9 /* InfoPlist.strings */ = {
			isa = PBXVariantGroup;
			children = (
				0581BD08199917190012A7C9 /* en */,
			);
			name = InfoPlist.strings;
			sourceTree = "<group>";
		};
		0581BD10199917190012A7C9 /* Main.storyboard */ = {
			isa = PBXVariantGroup;
			children = (
				0581BD11199917190012A7C9 /* Base */,
			);
			name = Main.storyboard;
			sourceTree = "<group>";
		};
		0581BD26199917190012A7C9 /* InfoPlist.strings */ = {
			isa = PBXVariantGroup;
			children = (
				0581BD27199917190012A7C9 /* en */,
			);
			name = InfoPlist.strings;
			sourceTree = "<group>";
		};
/* End PBXVariantGroup section */

/* Begin XCBuildConfiguration section */
		0581BD2B199917190012A7C9 /* Debug */ = {
			isa = XCBuildConfiguration;
			buildSettings = {
				ALWAYS_SEARCH_USER_PATHS = NO;
				CLANG_CXX_LANGUAGE_STANDARD = "gnu++0x";
				CLANG_CXX_LIBRARY = "libc++";
				CLANG_ENABLE_MODULES = YES;
				CLANG_ENABLE_OBJC_ARC = YES;
				CLANG_WARN_BOOL_CONVERSION = YES;
				CLANG_WARN_CONSTANT_CONVERSION = YES;
				CLANG_WARN_DIRECT_OBJC_ISA_USAGE = YES_ERROR;
				CLANG_WARN_EMPTY_BODY = YES;
				CLANG_WARN_ENUM_CONVERSION = YES;
				CLANG_WARN_INT_CONVERSION = YES;
				CLANG_WARN_OBJC_ROOT_CLASS = YES_ERROR;
				CLANG_WARN__DUPLICATE_METHOD_MATCH = YES;
				"CODE_SIGN_IDENTITY[sdk=iphoneos*]" = "iPhone Developer";
				COPY_PHASE_STRIP = NO;
				GCC_C_LANGUAGE_STANDARD = gnu99;
				GCC_DYNAMIC_NO_PIC = NO;
				GCC_OPTIMIZATION_LEVEL = 0;
				GCC_PREPROCESSOR_DEFINITIONS = (
					"DEBUG=1",
					"$(inherited)",
				);
				GCC_SYMBOLS_PRIVATE_EXTERN = NO;
				GCC_WARN_64_TO_32_BIT_CONVERSION = YES;
				GCC_WARN_ABOUT_RETURN_TYPE = YES_ERROR;
				GCC_WARN_UNDECLARED_SELECTOR = YES;
				GCC_WARN_UNINITIALIZED_AUTOS = YES_AGGRESSIVE;
				GCC_WARN_UNUSED_FUNCTION = YES;
				GCC_WARN_UNUSED_VARIABLE = YES;
				IPHONEOS_DEPLOYMENT_TARGET = 7.1;
				ONLY_ACTIVE_ARCH = YES;
				SDKROOT = iphoneos;
			};
			name = Debug;
		};
		0581BD2C199917190012A7C9 /* Release */ = {
			isa = XCBuildConfiguration;
			buildSettings = {
				ALWAYS_SEARCH_USER_PATHS = NO;
				CLANG_CXX_LANGUAGE_STANDARD = "gnu++0x";
				CLANG_CXX_LIBRARY = "libc++";
				CLANG_ENABLE_MODULES = YES;
				CLANG_ENABLE_OBJC_ARC = YES;
				CLANG_WARN_BOOL_CONVERSION = YES;
				CLANG_WARN_CONSTANT_CONVERSION = YES;
				CLANG_WARN_DIRECT_OBJC_ISA_USAGE = YES_ERROR;
				CLANG_WARN_EMPTY_BODY = YES;
				CLANG_WARN_ENUM_CONVERSION = YES;
				CLANG_WARN_INT_CONVERSION = YES;
				CLANG_WARN_OBJC_ROOT_CLASS = YES_ERROR;
				CLANG_WARN__DUPLICATE_METHOD_MATCH = YES;
				"CODE_SIGN_IDENTITY[sdk=iphoneos*]" = "iPhone Developer";
				COPY_PHASE_STRIP = YES;
				ENABLE_NS_ASSERTIONS = NO;
				GCC_C_LANGUAGE_STANDARD = gnu99;
				GCC_WARN_64_TO_32_BIT_CONVERSION = YES;
				GCC_WARN_ABOUT_RETURN_TYPE = YES_ERROR;
				GCC_WARN_UNDECLARED_SELECTOR = YES;
				GCC_WARN_UNINITIALIZED_AUTOS = YES_AGGRESSIVE;
				GCC_WARN_UNUSED_FUNCTION = YES;
				GCC_WARN_UNUSED_VARIABLE = YES;
				IPHONEOS_DEPLOYMENT_TARGET = 7.1;
				SDKROOT = iphoneos;
				VALIDATE_PRODUCT = YES;
			};
			name = Release;
		};
		0581BD2E199917190012A7C9 /* Debug */ = {
			isa = XCBuildConfiguration;
			buildSettings = {
				ASSETCATALOG_COMPILER_APPICON_NAME = AppIcon;
				ASSETCATALOG_COMPILER_LAUNCHIMAGE_NAME = LaunchImage;
				GCC_PRECOMPILE_PREFIX_HEADER = YES;
				GCC_PREFIX_HEADER = "EbayKitDemo/EbayKitDemo-Prefix.pch";
				INFOPLIST_FILE = "EbayKitDemo/EbayKitDemo-Info.plist";
				PRODUCT_NAME = "$(TARGET_NAME)";
				WRAPPER_EXTENSION = app;
			};
			name = Debug;
		};
		0581BD2F199917190012A7C9 /* Release */ = {
			isa = XCBuildConfiguration;
			buildSettings = {
				ASSETCATALOG_COMPILER_APPICON_NAME = AppIcon;
				ASSETCATALOG_COMPILER_LAUNCHIMAGE_NAME = LaunchImage;
				GCC_PRECOMPILE_PREFIX_HEADER = YES;
				GCC_PREFIX_HEADER = "EbayKitDemo/EbayKitDemo-Prefix.pch";
				INFOPLIST_FILE = "EbayKitDemo/EbayKitDemo-Info.plist";
				PRODUCT_NAME = "$(TARGET_NAME)";
				WRAPPER_EXTENSION = app;
			};
			name = Release;
		};
		0581BD31199917190012A7C9 /* Debug */ = {
			isa = XCBuildConfiguration;
			buildSettings = {
				BUNDLE_LOADER = "$(BUILT_PRODUCTS_DIR)/EbayKitDemo.app/EbayKitDemo";
				FRAMEWORK_SEARCH_PATHS = (
					"$(SDKROOT)/Developer/Library/Frameworks",
					"$(inherited)",
					"$(DEVELOPER_FRAMEWORKS_DIR)",
				);
				GCC_PRECOMPILE_PREFIX_HEADER = YES;
				GCC_PREFIX_HEADER = "EbayKitDemo/EbayKitDemo-Prefix.pch";
				GCC_PREPROCESSOR_DEFINITIONS = (
					"DEBUG=1",
					"$(inherited)",
				);
				INFOPLIST_FILE = "EbayKitDemoTests/EbayKitDemoTests-Info.plist";
				PRODUCT_NAME = "$(TARGET_NAME)";
				TEST_HOST = "$(BUNDLE_LOADER)";
				WRAPPER_EXTENSION = xctest;
			};
			name = Debug;
		};
		0581BD32199917190012A7C9 /* Release */ = {
			isa = XCBuildConfiguration;
			buildSettings = {
				BUNDLE_LOADER = "$(BUILT_PRODUCTS_DIR)/EbayKitDemo.app/EbayKitDemo";
				FRAMEWORK_SEARCH_PATHS = (
					"$(SDKROOT)/Developer/Library/Frameworks",
					"$(inherited)",
					"$(DEVELOPER_FRAMEWORKS_DIR)",
				);
				GCC_PRECOMPILE_PREFIX_HEADER = YES;
				GCC_PREFIX_HEADER = "EbayKitDemo/EbayKitDemo-Prefix.pch";
				INFOPLIST_FILE = "EbayKitDemoTests/EbayKitDemoTests-Info.plist";
				PRODUCT_NAME = "$(TARGET_NAME)";
				TEST_HOST = "$(BUNDLE_LOADER)";
				WRAPPER_EXTENSION = xctest;
			};
			name = Release;
		};
/* End XCBuildConfiguration section */

/* Begin XCConfigurationList section */
		0581BCF6199917180012A7C9 /* Build configuration list for PBXProject "EbayKitDemo" */ = {
			isa = XCConfigurationList;
			buildConfigurations = (
				0581BD2B199917190012A7C9 /* Debug */,
				0581BD2C199917190012A7C9 /* Release */,
			);
			defaultConfigurationIsVisible = 0;
			defaultConfigurationName = Release;
		};
		0581BD2D199917190012A7C9 /* Build configuration list for PBXNativeTarget "EbayKitDemo" */ = {
			isa = XCConfigurationList;
			buildConfigurations = (
				0581BD2E199917190012A7C9 /* Debug */,
				0581BD2F199917190012A7C9 /* Release */,
			);
			defaultConfigurationIsVisible = 0;
			defaultConfigurationName = Release;
		};
		0581BD30199917190012A7C9 /* Build configuration list for PBXNativeTarget "EbayKitDemoTests" */ = {
			isa = XCConfigurationList;
			buildConfigurations = (
				0581BD31199917190012A7C9 /* Debug */,
				0581BD32199917190012A7C9 /* Release */,
			);
			defaultConfigurationIsVisible = 0;
			defaultConfigurationName = Release;
		};
/* End XCConfigurationList section */
	};
	rootObject = 0581BCF3199917180012A7C9 /* Project object */;
}
